
Microsoft Visual Studio Solution File, Format Version 12.00
# Visual Studio Version 16
VisualStudioVersion = 16.0.30114.105
MinimumVisualStudioVersion = 10.0.40219.1
Project("{FAE04EC0-301F-11D3-BF4B-00C04F79EFBC}") = "DataManager", "DataManager\DataManager.csproj", "{46C09A81-0314-4297-8989-541ACA9859A5}"
EndProject
Project("{FAE04EC0-301F-11D3-BF4B-00C04F79EFBC}") = "Test_Data_Operations", "Test_Data_Operations\Test_Data_Operations.csproj", "{9984D091-504C-41AC-A7AA-A69009924C0C}"
EndProject
Project("{FAE04EC0-301F-11D3-BF4B-00C04F79EFBC}") = "DMCoreGUI", "DMCoreGUI\DMCoreGUI.csproj", "{BFA0B2CD-8ECC-448A-AE12-BC8EEF7293FE}"
EndProject
Global
	GlobalSection(SolutionConfigurationPlatforms) = preSolution
		Debug|Any CPU = Debug|Any CPU
		Release|Any CPU = Release|Any CPU
	EndGlobalSection
	GlobalSection(ProjectConfigurationPlatforms) = postSolution
		{46C09A81-0314-4297-8989-541ACA9859A5}.Debug|Any CPU.ActiveCfg = Debug|Any CPU
		{46C09A81-0314-4297-8989-541ACA9859A5}.Debug|Any CPU.Build.0 = Debug|Any CPU
		{46C09A81-0314-4297-8989-541ACA9859A5}.Release|Any CPU.ActiveCfg = Release|Any CPU
		{46C09A81-0314-4297-8989-541ACA9859A5}.Release|Any CPU.Build.0 = Release|Any CPU
		{9984D091-504C-41AC-A7AA-A69009924C0C}.Debug|Any CPU.ActiveCfg = Debug|Any CPU
		{9984D091-504C-41AC-A7AA-A69009924C0C}.Debug|Any CPU.Build.0 = Debug|Any CPU
		{9984D091-504C-41AC-A7AA-A69009924C0C}.Release|Any CPU.ActiveCfg = Release|Any CPU
		{9984D091-504C-41AC-A7AA-A69009924C0C}.Release|Any CPU.Build.0 = Release|Any CPU
		{BFA0B2CD-8ECC-448A-AE12-BC8EEF7293FE}.Debug|Any CPU.ActiveCfg = Debug|Any CPU
		{BFA0B2CD-8ECC-448A-AE12-BC8EEF7293FE}.Debug|Any CPU.Build.0 = Debug|Any CPU
		{BFA0B2CD-8ECC-448A-AE12-BC8EEF7293FE}.Release|Any CPU.ActiveCfg = Release|Any CPU
		{BFA0B2CD-8ECC-448A-AE12-BC8EEF7293FE}.Release|Any CPU.Build.0 = Release|Any CPU
	EndGlobalSection
	GlobalSection(SolutionProperties) = preSolution
		HideSolutionNode = FALSE
	EndGlobalSection
	GlobalSection(ExtensibilityGlobals) = postSolution
		SolutionGuid = {AB488164-A596-4326-82AD-68267B195543}
	EndGlobalSection
EndGlobal
